PODS:
  - Alamofire (5.4.4)
  - Starscream (4.0.4)

DEPENDENCIES:
  - Alamofire
  - Starscream

SPEC REPOS:
  trunk:
    - Alamofire
    - Starscream

SPEC CHECKSUMS:
  Alamofire: f3b09a368f1582ab751b3fff5460276e0d2cf5c9
  Starscream: 5178aed56b316f13fa3bc55694e583d35dd414d9

PODFILE CHECKSUM: de473a394530348984d771762778835d8ec467e5

COCOAPODS: 1.11.2
